
Microsoft Visual Studio Solution File, Format Version 12.00
# Visual Studio Version 16
VisualStudioVersion = 16.0.30503.244
MinimumVisualStudioVersion = 10.0.40219.1
Project("{FAE04EC0-301F-11D3-BF4B-00C04F79EFBC}") = "ExceptionHandling", "ExceptionHandling\ExceptionHandling.csproj", "{E0E665D6-2998-4957-9DD9-F470B84A2BAF}"
EndProject
Global
	GlobalSection(SolutionConfigurationPlatforms) = preSolution
		Debug|Any CPU = Debug|Any CPU
		Release|Any CPU = Release|Any CPU
	EndGlobalSection
	GlobalSection(ProjectConfigurationPlatforms) = postSolution
		{E0E665D6-2998-4957-9DD9-F470B84A2BAF}.Debug|Any CPU.ActiveCfg = Debug|Any CPU
		{E0E665D6-2998-4957-9DD9-F470B84A2BAF}.Debug|Any CPU.Build.0 = Debug|Any CPU
		{E0E665D6-2998-4957-9DD9-F470B84A2BAF}.Release|Any CPU.ActiveCfg = Release|Any CPU
		{E0E665D6-2998-4957-9DD9-F470B84A2BAF}.Release|Any CPU.Build.0 = Release|Any CPU
	EndGlobalSection
	GlobalSection(SolutionProperties) = preSolution
		HideSolutionNode = FALSE
	EndGlobalSection
	GlobalSection(ExtensibilityGlobals) = postSolution
		SolutionGuid = {53202C55-A37F-420B-A426-9EEEC81814A2}
	EndGlobalSection
EndGlobal
